
Microsoft Visual Studio Solution File, Format Version 12.00
# Visual Studio Version 17
VisualStudioVersion = 17.5.33502.453
MinimumVisualStudioVersion = 10.0.40219.1
Project("{FAE04EC0-301F-11D3-BF4B-00C04F79EFBC}") = "recursion1", "recursion1\recursion1.csproj", "{51280DB1-1126-474D-A025-4ADD002E7025}"
EndProject
Global
	GlobalSection(SolutionConfigurationPlatforms) = preSolution
		Debug|Any CPU = Debug|Any CPU
		Release|Any CPU = Release|Any CPU
	EndGlobalSection
	GlobalSection(ProjectConfigurationPlatforms) = postSolution
		{51280DB1-1126-474D-A025-4ADD002E7025}.Debug|Any CPU.ActiveCfg = Debug|Any CPU
		{51280DB1-1126-474D-A025-4ADD002E7025}.Debug|Any CPU.Build.0 = Debug|Any CPU
		{51280DB1-1126-474D-A025-4ADD002E7025}.Release|Any CPU.ActiveCfg = Release|Any CPU
		{51280DB1-1126-474D-A025-4ADD002E7025}.Release|Any CPU.Build.0 = Release|Any CPU
	EndGlobalSection
	GlobalSection(SolutionProperties) = preSolution
		HideSolutionNode = FALSE
	EndGlobalSection
	GlobalSection(ExtensibilityGlobals) = postSolution
		SolutionGuid = {DC01EADA-7A09-4AE4-B947-BDBA66915E74}
	EndGlobalSection
EndGlobal
