
Microsoft Visual Studio Solution File, Format Version 12.00
# Visual Studio Version 17
VisualStudioVersion = 17.5.33502.453
MinimumVisualStudioVersion = 10.0.40219.1
Project("{FAE04EC0-301F-11D3-BF4B-00C04F79EFBC}") = "booking", "booking\booking.csproj", "{39C230F3-A5C4-4235-9C53-63E2ED94CBF2}"
EndProject
Global
	GlobalSection(SolutionConfigurationPlatforms) = preSolution
		Debug|Any CPU = Debug|Any CPU
		Release|Any CPU = Release|Any CPU
	EndGlobalSection
	GlobalSection(ProjectConfigurationPlatforms) = postSolution
		{39C230F3-A5C4-4235-9C53-63E2ED94CBF2}.Debug|Any CPU.ActiveCfg = Debug|Any CPU
		{39C230F3-A5C4-4235-9C53-63E2ED94CBF2}.Debug|Any CPU.Build.0 = Debug|Any CPU
		{39C230F3-A5C4-4235-9C53-63E2ED94CBF2}.Release|Any CPU.ActiveCfg = Release|Any CPU
		{39C230F3-A5C4-4235-9C53-63E2ED94CBF2}.Release|Any CPU.Build.0 = Release|Any CPU
	EndGlobalSection
	GlobalSection(SolutionProperties) = preSolution
		HideSolutionNode = FALSE
	EndGlobalSection
	GlobalSection(ExtensibilityGlobals) = postSolution
		SolutionGuid = {A7FDE4DF-557D-4048-8FE1-77783D3F132D}
	EndGlobalSection
EndGlobal
