
Microsoft Visual Studio Solution File, Format Version 12.00
# Visual Studio Version 17
VisualStudioVersion = 17.5.33502.453
MinimumVisualStudioVersion = 10.0.40219.1
Project("{FAE04EC0-301F-11D3-BF4B-00C04F79EFBC}") = "this keyword", "this keyword\this keyword.csproj", "{8D6E3335-CD92-410F-9304-96B1FB2CB057}"
EndProject
Global
	GlobalSection(SolutionConfigurationPlatforms) = preSolution
		Debug|Any CPU = Debug|Any CPU
		Release|Any CPU = Release|Any CPU
	EndGlobalSection
	GlobalSection(ProjectConfigurationPlatforms) = postSolution
		{8D6E3335-CD92-410F-9304-96B1FB2CB057}.Debug|Any CPU.ActiveCfg = Debug|Any CPU
		{8D6E3335-CD92-410F-9304-96B1FB2CB057}.Debug|Any CPU.Build.0 = Debug|Any CPU
		{8D6E3335-CD92-410F-9304-96B1FB2CB057}.Release|Any CPU.ActiveCfg = Release|Any CPU
		{8D6E3335-CD92-410F-9304-96B1FB2CB057}.Release|Any CPU.Build.0 = Release|Any CPU
	EndGlobalSection
	GlobalSection(SolutionProperties) = preSolution
		HideSolutionNode = FALSE
	EndGlobalSection
	GlobalSection(ExtensibilityGlobals) = postSolution
		SolutionGuid = {FAD5C7C4-26C1-4AE4-AC1F-430FA70631D7}
	EndGlobalSection
EndGlobal
