
Microsoft Visual Studio Solution File, Format Version 12.00
# Visual Studio Version 17
VisualStudioVersion = 17.5.33502.453
MinimumVisualStudioVersion = 10.0.40219.1
Project("{FAE04EC0-301F-11D3-BF4B-00C04F79EFBC}") = "inheritance2", "inheritance2\inheritance2.csproj", "{C26F4276-7717-4547-AD1B-8A8AEF95C3E1}"
EndProject
Global
	GlobalSection(SolutionConfigurationPlatforms) = preSolution
		Debug|Any CPU = Debug|Any CPU
		Release|Any CPU = Release|Any CPU
	EndGlobalSection
	GlobalSection(ProjectConfigurationPlatforms) = postSolution
		{C26F4276-7717-4547-AD1B-8A8AEF95C3E1}.Debug|Any CPU.ActiveCfg = Debug|Any CPU
		{C26F4276-7717-4547-AD1B-8A8AEF95C3E1}.Debug|Any CPU.Build.0 = Debug|Any CPU
		{C26F4276-7717-4547-AD1B-8A8AEF95C3E1}.Release|Any CPU.ActiveCfg = Release|Any CPU
		{C26F4276-7717-4547-AD1B-8A8AEF95C3E1}.Release|Any CPU.Build.0 = Release|Any CPU
	EndGlobalSection
	GlobalSection(SolutionProperties) = preSolution
		HideSolutionNode = FALSE
	EndGlobalSection
	GlobalSection(ExtensibilityGlobals) = postSolution
		SolutionGuid = {C0828078-1E2A-4041-AD4B-C82014542FDA}
	EndGlobalSection
EndGlobal
