
Microsoft Visual Studio Solution File, Format Version 12.00
# Visual Studio Version 17
VisualStudioVersion = 17.5.33502.453
MinimumVisualStudioVersion = 10.0.40219.1
Project("{FAE04EC0-301F-11D3-BF4B-00C04F79EFBC}") = "recursion sum1", "recursion sum1\recursion sum1.csproj", "{875C1905-7133-4C96-A08C-F73D449E6A3B}"
EndProject
Global
	GlobalSection(SolutionConfigurationPlatforms) = preSolution
		Debug|Any CPU = Debug|Any CPU
		Release|Any CPU = Release|Any CPU
	EndGlobalSection
	GlobalSection(ProjectConfigurationPlatforms) = postSolution
		{875C1905-7133-4C96-A08C-F73D449E6A3B}.Debug|Any CPU.ActiveCfg = Debug|Any CPU
		{875C1905-7133-4C96-A08C-F73D449E6A3B}.Debug|Any CPU.Build.0 = Debug|Any CPU
		{875C1905-7133-4C96-A08C-F73D449E6A3B}.Release|Any CPU.ActiveCfg = Release|Any CPU
		{875C1905-7133-4C96-A08C-F73D449E6A3B}.Release|Any CPU.Build.0 = Release|Any CPU
	EndGlobalSection
	GlobalSection(SolutionProperties) = preSolution
		HideSolutionNode = FALSE
	EndGlobalSection
	GlobalSection(ExtensibilityGlobals) = postSolution
		SolutionGuid = {871F0DD3-2364-4627-8325-7DCD6D751C64}
	EndGlobalSection
EndGlobal
