
Microsoft Visual Studio Solution File, Format Version 12.00
# Visual Studio Version 17
VisualStudioVersion = 17.5.33502.453
MinimumVisualStudioVersion = 10.0.40219.1
Project("{FAE04EC0-301F-11D3-BF4B-00C04F79EFBC}") = "calculator", "calculator\calculator.csproj", "{EBAFDB58-7290-40B2-99CF-583390DC445A}"
EndProject
Global
	GlobalSection(SolutionConfigurationPlatforms) = preSolution
		Debug|Any CPU = Debug|Any CPU
		Release|Any CPU = Release|Any CPU
	EndGlobalSection
	GlobalSection(ProjectConfigurationPlatforms) = postSolution
		{EBAFDB58-7290-40B2-99CF-583390DC445A}.Debug|Any CPU.ActiveCfg = Debug|Any CPU
		{EBAFDB58-7290-40B2-99CF-583390DC445A}.Debug|Any CPU.Build.0 = Debug|Any CPU
		{EBAFDB58-7290-40B2-99CF-583390DC445A}.Release|Any CPU.ActiveCfg = Release|Any CPU
		{EBAFDB58-7290-40B2-99CF-583390DC445A}.Release|Any CPU.Build.0 = Release|Any CPU
	EndGlobalSection
	GlobalSection(SolutionProperties) = preSolution
		HideSolutionNode = FALSE
	EndGlobalSection
	GlobalSection(ExtensibilityGlobals) = postSolution
		SolutionGuid = {79F6472C-787E-4CE3-AD60-90429FFAB9D4}
	EndGlobalSection
EndGlobal
