
Microsoft Visual Studio Solution File, Format Version 12.00
# Visual Studio Version 17
VisualStudioVersion = 17.5.33502.453
MinimumVisualStudioVersion = 10.0.40219.1
Project("{FAE04EC0-301F-11D3-BF4B-00C04F79EFBC}") = "int", "int\int.csproj", "{505702ED-4336-4377-90CB-829C1810F208}"
EndProject
Global
	GlobalSection(SolutionConfigurationPlatforms) = preSolution
		Debug|Any CPU = Debug|Any CPU
		Release|Any CPU = Release|Any CPU
	EndGlobalSection
	GlobalSection(ProjectConfigurationPlatforms) = postSolution
		{505702ED-4336-4377-90CB-829C1810F208}.Debug|Any CPU.ActiveCfg = Debug|Any CPU
		{505702ED-4336-4377-90CB-829C1810F208}.Debug|Any CPU.Build.0 = Debug|Any CPU
		{505702ED-4336-4377-90CB-829C1810F208}.Release|Any CPU.ActiveCfg = Release|Any CPU
		{505702ED-4336-4377-90CB-829C1810F208}.Release|Any CPU.Build.0 = Release|Any CPU
	EndGlobalSection
	GlobalSection(SolutionProperties) = preSolution
		HideSolutionNode = FALSE
	EndGlobalSection
	GlobalSection(ExtensibilityGlobals) = postSolution
		SolutionGuid = {0B7D5770-41ED-40CB-AF3D-78456DFF10F6}
	EndGlobalSection
EndGlobal
