
Microsoft Visual Studio Solution File, Format Version 12.00
# Visual Studio Version 17
VisualStudioVersion = 17.5.33502.453
MinimumVisualStudioVersion = 10.0.40219.1
Project("{FAE04EC0-301F-11D3-BF4B-00C04F79EFBC}") = "prg1", "prg1\prg1.csproj", "{69977CAA-58CA-4ABF-9B1C-5FCAABD5DFAF}"
EndProject
Global
	GlobalSection(SolutionConfigurationPlatforms) = preSolution
		Debug|Any CPU = Debug|Any CPU
		Release|Any CPU = Release|Any CPU
	EndGlobalSection
	GlobalSection(ProjectConfigurationPlatforms) = postSolution
		{69977CAA-58CA-4ABF-9B1C-5FCAABD5DFAF}.Debug|Any CPU.ActiveCfg = Debug|Any CPU
		{69977CAA-58CA-4ABF-9B1C-5FCAABD5DFAF}.Debug|Any CPU.Build.0 = Debug|Any CPU
		{69977CAA-58CA-4ABF-9B1C-5FCAABD5DFAF}.Release|Any CPU.ActiveCfg = Release|Any CPU
		{69977CAA-58CA-4ABF-9B1C-5FCAABD5DFAF}.Release|Any CPU.Build.0 = Release|Any CPU
	EndGlobalSection
	GlobalSection(SolutionProperties) = preSolution
		HideSolutionNode = FALSE
	EndGlobalSection
	GlobalSection(ExtensibilityGlobals) = postSolution
		SolutionGuid = {07843E6E-853A-4CA5-9016-FD3B02CE5827}
	EndGlobalSection
EndGlobal
