
Microsoft Visual Studio Solution File, Format Version 12.00
# Visual Studio Version 17
VisualStudioVersion = 17.5.33502.453
MinimumVisualStudioVersion = 10.0.40219.1
Project("{FAE04EC0-301F-11D3-BF4B-00C04F79EFBC}") = "inheritance multilevel", "inheritance multilevel\inheritance multilevel.csproj", "{43E7C17D-F4CE-498F-8DED-3931BF0EF29E}"
EndProject
Global
	GlobalSection(SolutionConfigurationPlatforms) = preSolution
		Debug|Any CPU = Debug|Any CPU
		Release|Any CPU = Release|Any CPU
	EndGlobalSection
	GlobalSection(ProjectConfigurationPlatforms) = postSolution
		{43E7C17D-F4CE-498F-8DED-3931BF0EF29E}.Debug|Any CPU.ActiveCfg = Debug|Any CPU
		{43E7C17D-F4CE-498F-8DED-3931BF0EF29E}.Debug|Any CPU.Build.0 = Debug|Any CPU
		{43E7C17D-F4CE-498F-8DED-3931BF0EF29E}.Release|Any CPU.ActiveCfg = Release|Any CPU
		{43E7C17D-F4CE-498F-8DED-3931BF0EF29E}.Release|Any CPU.Build.0 = Release|Any CPU
	EndGlobalSection
	GlobalSection(SolutionProperties) = preSolution
		HideSolutionNode = FALSE
	EndGlobalSection
	GlobalSection(ExtensibilityGlobals) = postSolution
		SolutionGuid = {4CFEB0FB-CFA6-4B88-9399-34A0727CA79C}
	EndGlobalSection
EndGlobal
