
Microsoft Visual Studio Solution File, Format Version 12.00
# Visual Studio Version 17
VisualStudioVersion = 17.5.33502.453
MinimumVisualStudioVersion = 10.0.40219.1
Project("{FAE04EC0-301F-11D3-BF4B-00C04F79EFBC}") = "recusion  prime no", "recusion  prime no\recusion  prime no.csproj", "{94A65ACA-2F2C-422E-A1E0-786ADC0CEF58}"
EndProject
Global
	GlobalSection(SolutionConfigurationPlatforms) = preSolution
		Debug|Any CPU = Debug|Any CPU
		Release|Any CPU = Release|Any CPU
	EndGlobalSection
	GlobalSection(ProjectConfigurationPlatforms) = postSolution
		{94A65ACA-2F2C-422E-A1E0-786ADC0CEF58}.Debug|Any CPU.ActiveCfg = Debug|Any CPU
		{94A65ACA-2F2C-422E-A1E0-786ADC0CEF58}.Debug|Any CPU.Build.0 = Debug|Any CPU
		{94A65ACA-2F2C-422E-A1E0-786ADC0CEF58}.Release|Any CPU.ActiveCfg = Release|Any CPU
		{94A65ACA-2F2C-422E-A1E0-786ADC0CEF58}.Release|Any CPU.Build.0 = Release|Any CPU
	EndGlobalSection
	GlobalSection(SolutionProperties) = preSolution
		HideSolutionNode = FALSE
	EndGlobalSection
	GlobalSection(ExtensibilityGlobals) = postSolution
		SolutionGuid = {53E16E85-0A06-4FAF-BF5F-DA72655B143D}
	EndGlobalSection
EndGlobal
