
Microsoft Visual Studio Solution File, Format Version 12.00
# Visual Studio Version 17
VisualStudioVersion = 17.5.33502.453
MinimumVisualStudioVersion = 10.0.40219.1
Project("{FAE04EC0-301F-11D3-BF4B-00C04F79EFBC}") = "char", "char\char.csproj", "{4FF921D4-3FF7-47B4-B91A-985763784332}"
EndProject
Global
	GlobalSection(SolutionConfigurationPlatforms) = preSolution
		Debug|Any CPU = Debug|Any CPU
		Release|Any CPU = Release|Any CPU
	EndGlobalSection
	GlobalSection(ProjectConfigurationPlatforms) = postSolution
		{4FF921D4-3FF7-47B4-B91A-985763784332}.Debug|Any CPU.ActiveCfg = Debug|Any CPU
		{4FF921D4-3FF7-47B4-B91A-985763784332}.Debug|Any CPU.Build.0 = Debug|Any CPU
		{4FF921D4-3FF7-47B4-B91A-985763784332}.Release|Any CPU.ActiveCfg = Release|Any CPU
		{4FF921D4-3FF7-47B4-B91A-985763784332}.Release|Any CPU.Build.0 = Release|Any CPU
	EndGlobalSection
	GlobalSection(SolutionProperties) = preSolution
		HideSolutionNode = FALSE
	EndGlobalSection
	GlobalSection(ExtensibilityGlobals) = postSolution
		SolutionGuid = {A10BE0C7-557C-4AE1-9287-456CCC80CE13}
	EndGlobalSection
EndGlobal
