
Microsoft Visual Studio Solution File, Format Version 12.00
# Visual Studio Version 17
VisualStudioVersion = 17.5.33502.453
MinimumVisualStudioVersion = 10.0.40219.1
Project("{FAE04EC0-301F-11D3-BF4B-00C04F79EFBC}") = "ulong", "ulong\ulong.csproj", "{6338FA98-1163-488E-B5BF-366541F2D6CA}"
EndProject
Global
	GlobalSection(SolutionConfigurationPlatforms) = preSolution
		Debug|Any CPU = Debug|Any CPU
		Release|Any CPU = Release|Any CPU
	EndGlobalSection
	GlobalSection(ProjectConfigurationPlatforms) = postSolution
		{6338FA98-1163-488E-B5BF-366541F2D6CA}.Debug|Any CPU.ActiveCfg = Debug|Any CPU
		{6338FA98-1163-488E-B5BF-366541F2D6CA}.Debug|Any CPU.Build.0 = Debug|Any CPU
		{6338FA98-1163-488E-B5BF-366541F2D6CA}.Release|Any CPU.ActiveCfg = Release|Any CPU
		{6338FA98-1163-488E-B5BF-366541F2D6CA}.Release|Any CPU.Build.0 = Release|Any CPU
	EndGlobalSection
	GlobalSection(SolutionProperties) = preSolution
		HideSolutionNode = FALSE
	EndGlobalSection
	GlobalSection(ExtensibilityGlobals) = postSolution
		SolutionGuid = {DBD1F2E6-7B92-4EA9-9600-1CE110AD6E3C}
	EndGlobalSection
EndGlobal
