
Microsoft Visual Studio Solution File, Format Version 12.00
# Visual Studio Version 17
VisualStudioVersion = 17.5.33502.453
MinimumVisualStudioVersion = 10.0.40219.1
Project("{FAE04EC0-301F-11D3-BF4B-00C04F79EFBC}") = "hire", "hire\hire.csproj", "{0E15154C-FCD9-4A8D-9892-88FD95547ABA}"
EndProject
Global
	GlobalSection(SolutionConfigurationPlatforms) = preSolution
		Debug|Any CPU = Debug|Any CPU
		Release|Any CPU = Release|Any CPU
	EndGlobalSection
	GlobalSection(ProjectConfigurationPlatforms) = postSolution
		{0E15154C-FCD9-4A8D-9892-88FD95547ABA}.Debug|Any CPU.ActiveCfg = Debug|Any CPU
		{0E15154C-FCD9-4A8D-9892-88FD95547ABA}.Debug|Any CPU.Build.0 = Debug|Any CPU
		{0E15154C-FCD9-4A8D-9892-88FD95547ABA}.Release|Any CPU.ActiveCfg = Release|Any CPU
		{0E15154C-FCD9-4A8D-9892-88FD95547ABA}.Release|Any CPU.Build.0 = Release|Any CPU
	EndGlobalSection
	GlobalSection(SolutionProperties) = preSolution
		HideSolutionNode = FALSE
	EndGlobalSection
	GlobalSection(ExtensibilityGlobals) = postSolution
		SolutionGuid = {30586B0A-9B2F-4C71-B0AC-98267070B222}
	EndGlobalSection
EndGlobal
