
Microsoft Visual Studio Solution File, Format Version 12.00
# Visual Studio Version 17
VisualStudioVersion = 17.5.33502.453
MinimumVisualStudioVersion = 10.0.40219.1
Project("{FAE04EC0-301F-11D3-BF4B-00C04F79EFBC}") = "vowels", "vowels\vowels.csproj", "{FB340E09-CB20-43F6-ABE9-7CCE88B766DC}"
EndProject
Global
	GlobalSection(SolutionConfigurationPlatforms) = preSolution
		Debug|Any CPU = Debug|Any CPU
		Release|Any CPU = Release|Any CPU
	EndGlobalSection
	GlobalSection(ProjectConfigurationPlatforms) = postSolution
		{FB340E09-CB20-43F6-ABE9-7CCE88B766DC}.Debug|Any CPU.ActiveCfg = Debug|Any CPU
		{FB340E09-CB20-43F6-ABE9-7CCE88B766DC}.Debug|Any CPU.Build.0 = Debug|Any CPU
		{FB340E09-CB20-43F6-ABE9-7CCE88B766DC}.Release|Any CPU.ActiveCfg = Release|Any CPU
		{FB340E09-CB20-43F6-ABE9-7CCE88B766DC}.Release|Any CPU.Build.0 = Release|Any CPU
	EndGlobalSection
	GlobalSection(SolutionProperties) = preSolution
		HideSolutionNode = FALSE
	EndGlobalSection
	GlobalSection(ExtensibilityGlobals) = postSolution
		SolutionGuid = {22F4D8F0-26B5-44B4-9880-1E4CC989009F}
	EndGlobalSection
EndGlobal
